
Microsoft Visual Studio Solution File, Format Version 12.00
# Visual Studio Version 16
VisualStudioVersion = 25.0.1706.11
MinimumVisualStudioVersion = 10.0.40219.1
Project("{FAE04EC0-301F-11D3-BF4B-00C04F79EFBC}") = "hexaware-casestudy", "hexaware-casestudy\hexaware-casestudy.csproj", "{8B0B0789-2D6B-4B24-9082-2A193D6B116A}"
EndProject
Project("{FAE04EC0-301F-11D3-BF4B-00C04F79EFBC}") = "hexaware-casestudy-test", "hexaware-casestudy-test\hexaware-casestudy-test.csproj", "{EEDD29EE-BA26-4AE0-A333-10F45A6263F1}"
EndProject
Global
	GlobalSection(SolutionConfigurationPlatforms) = preSolution
		Debug|Any CPU = Debug|Any CPU
		Release|Any CPU = Release|Any CPU
	EndGlobalSection
	GlobalSection(ProjectConfigurationPlatforms) = postSolution
		{8B0B0789-2D6B-4B24-9082-2A193D6B116A}.Debug|Any CPU.ActiveCfg = Debug|Any CPU
		{8B0B0789-2D6B-4B24-9082-2A193D6B116A}.Debug|Any CPU.Build.0 = Debug|Any CPU
		{8B0B0789-2D6B-4B24-9082-2A193D6B116A}.Release|Any CPU.ActiveCfg = Release|Any CPU
		{8B0B0789-2D6B-4B24-9082-2A193D6B116A}.Release|Any CPU.Build.0 = Release|Any CPU
		{EEDD29EE-BA26-4AE0-A333-10F45A6263F1}.Debug|Any CPU.ActiveCfg = Debug|Any CPU
		{EEDD29EE-BA26-4AE0-A333-10F45A6263F1}.Debug|Any CPU.Build.0 = Debug|Any CPU
		{EEDD29EE-BA26-4AE0-A333-10F45A6263F1}.Release|Any CPU.ActiveCfg = Release|Any CPU
		{EEDD29EE-BA26-4AE0-A333-10F45A6263F1}.Release|Any CPU.Build.0 = Release|Any CPU
	EndGlobalSection
	GlobalSection(SolutionProperties) = preSolution
		HideSolutionNode = FALSE
	EndGlobalSection
	GlobalSection(ExtensibilityGlobals) = postSolution
		SolutionGuid = {CBFEDBF0-396A-41C3-8CBC-6E414336D7BC}
	EndGlobalSection
EndGlobal
